// !$*UTF8*$!
{
	archiveVersion = 1;
	classes = {
	};
	objectVersion = 56;
	objects = {

/* Begin PBXBuildFile section */
		80F2C1C9296D7A9F004356EE /* RestartApp.swift in Sources */ = {isa = PBXBuildFile; fileRef = 80F2C1C8296D7A9F004356EE /* RestartApp.swift */; };
		80F2C1CB296D7A9F004356EE /* ContentView.swift in Sources */ = {isa = PBXBuildFile; fileRef = 80F2C1CA296D7A9F004356EE /* ContentView.swift */; };
		80F2C1CD296D7AA0004356EE /* Assets.xcassets in Resources */ = {isa = PBXBuildFile; fileRef = 80F2C1CC296D7AA0004356EE /* Assets.xcassets */; };
		80F2C1D0296D7AA0004356EE /* Preview Assets.xcassets in Resources */ = {isa = PBXBuildFile; fileRef = 80F2C1CF296D7AA0004356EE /* Preview Assets.xcassets */; };
		80F2C1D8296D7B39004356EE /* chimeup.mp3 in Resources */ = {isa = PBXBuildFile; fileRef = 80F2C1D6296D7B39004356EE /* chimeup.mp3 */; };
		80F2C1D9296D7B39004356EE /* success.m4a in Resources */ = {isa = PBXBuildFile; fileRef = 80F2C1D7296D7B39004356EE /* success.m4a */; };
		80F2C1E0296D7DE0004356EE /* HomeView.swift in Sources */ = {isa = PBXBuildFile; fileRef = 80F2C1DF296D7DE0004356EE /* HomeView.swift */; };
		80F2C1E2296D7DE8004356EE /* OnboardingView.swift in Sources */ = {isa = PBXBuildFile; fileRef = 80F2C1E1296D7DE8004356EE /* OnboardingView.swift */; };
		80F2C1E4296E6480004356EE /* CircleGroupView.swift in Sources */ = {isa = PBXBuildFile; fileRef = 80F2C1E3296E6480004356EE /* CircleGroupView.swift */; };
		80F2C1E6296E7593004356EE /* AudioPlayer.swift in Sources */ = {isa = PBXBuildFile; fileRef = 80F2C1E5296E7593004356EE /* AudioPlayer.swift */; };
/* End PBXBuildFile section */

/* Begin PBXFileReference section */
		80F2C1C5296D7A9F004356EE /* Restart.app */ = {isa = PBXFileReference; explicitFileType = wrapper.application; includeInIndex = 0; path = Restart.app; sourceTree = BUILT_PRODUCTS_DIR; };
		80F2C1C8296D7A9F004356EE /* RestartApp.swift */ = {isa = PBXFileReference; lastKnownFileType = sourcecode.swift; path = RestartApp.swift; sourceTree = "<group>"; };
		80F2C1CA296D7A9F004356EE /* ContentView.swift */ = {isa = PBXFileReference; lastKnownFileType = sourcecode.swift; path = ContentView.swift; sourceTree = "<group>"; };
		80F2C1CC296D7AA0004356EE /* Assets.xcassets */ = {isa = PBXFileReference; lastKnownFileType = folder.assetcatalog; path = Assets.xcassets; sourceTree = "<group>"; };
		80F2C1CF296D7AA0004356EE /* Preview Assets.xcassets */ = {isa = PBXFileReference; lastKnownFileType = folder.assetcatalog; path = "Preview Assets.xcassets"; sourceTree = "<group>"; };
		80F2C1D6296D7B39004356EE /* chimeup.mp3 */ = {isa = PBXFileReference; lastKnownFileType = audio.mp3; path = chimeup.mp3; sourceTree = "<group>"; };
		80F2C1D7296D7B39004356EE /* success.m4a */ = {isa = PBXFileReference; lastKnownFileType = file; path = success.m4a; sourceTree = "<group>"; };
		80F2C1DE296D7D7C004356EE /* Info.plist */ = {isa = PBXFileReference; lastKnownFileType = text.plist; path = Info.plist; sourceTree = "<group>"; };
		80F2C1DF296D7DE0004356EE /* HomeView.swift */ = {isa = PBXFileReference; lastKnownFileType = sourcecode.swift; path = HomeView.swift; sourceTree = "<group>"; };
		80F2C1E1296D7DE8004356EE /* OnboardingView.swift */ = {isa = PBXFileReference; lastKnownFileType = sourcecode.swift; path = OnboardingView.swift; sourceTree = "<group>"; };
		80F2C1E3296E6480004356EE /* CircleGroupView.swift */ = {isa = PBXFileReference; lastKnownFileType = sourcecode.swift; path = CircleGroupView.swift; sourceTree = "<group>"; };
		80F2C1E5296E7593004356EE /* AudioPlayer.swift */ = {isa = PBXFileReference; lastKnownFileType = sourcecode.swift; path = AudioPlayer.swift; sourceTree = "<group>"; };
/* End PBXFileReference section */

/* Begin PBXFrameworksBuildPhase section */
		80F2C1C2296D7A9F004356EE /* Frameworks */ = {
			isa = PBXFrameworksBuildPhase;
			buildActionMask = 2147483647;
			files = (
			);
			runOnlyForDeploymentPostprocessing = 0;
		};
/* End PBXFrameworksBuildPhase section */

/* Begin PBXGroup section */
		80F2C1BC296D7A9F004356EE = {
			isa = PBXGroup;
			children = (
				80F2C1C7296D7A9F004356EE /* Restart */,
				80F2C1C6296D7A9F004356EE /* Products */,
			);
			sourceTree = "<group>";
		};
		80F2C1C6296D7A9F004356EE /* Products */ = {
			isa = PBXGroup;
			children = (
				80F2C1C5296D7A9F004356EE /* Restart.app */,
			);
			name = Products;
			sourceTree = "<group>";
		};
		80F2C1C7296D7A9F004356EE /* Restart */ = {
			isa = PBXGroup;
			children = (
				80F2C1DE296D7D7C004356EE /* Info.plist */,
				80F2C1DC296D7C34004356EE /* Views */,
				80F2C1DB296D7C2A004356EE /* Screens */,
				80F2C1DD296D7C43004356EE /* Utilities */,
				80F2C1DA296D7B4B004356EE /* Sounds */,
				80F2C1C8296D7A9F004356EE /* RestartApp.swift */,
				80F2C1CC296D7AA0004356EE /* Assets.xcassets */,
				80F2C1CE296D7AA0004356EE /* Preview Content */,
			);
			path = Restart;
			sourceTree = "<group>";
		};
		80F2C1CE296D7AA0004356EE /* Preview Content */ = {
			isa = PBXGroup;
			children = (
				80F2C1CF296D7AA0004356EE /* Preview Assets.xcassets */,
			);
			path = "Preview Content";
			sourceTree = "<group>";
		};
		80F2C1DA296D7B4B004356EE /* Sounds */ = {
			isa = PBXGroup;
			children = (
				80F2C1D6296D7B39004356EE /* chimeup.mp3 */,
				80F2C1D7296D7B39004356EE /* success.m4a */,
			);
			path = Sounds;
			sourceTree = "<group>";
		};
		80F2C1DB296D7C2A004356EE /* Screens */ = {
			isa = PBXGroup;
			children = (
				80F2C1CA296D7A9F004356EE /* ContentView.swift */,
				80F2C1DF296D7DE0004356EE /* HomeView.swift */,
				80F2C1E1296D7DE8004356EE /* OnboardingView.swift */,
			);
			path = Screens;
			sourceTree = "<group>";
		};
		80F2C1DC296D7C34004356EE /* Views */ = {
			isa = PBXGroup;
			children = (
				80F2C1E3296E6480004356EE /* CircleGroupView.swift */,
			);
			path = Views;
			sourceTree = "<group>";
		};
		80F2C1DD296D7C43004356EE /* Utilities */ = {
			isa = PBXGroup;
			children = (
				80F2C1E5296E7593004356EE /* AudioPlayer.swift */,
			);
			path = Utilities;
			sourceTree = "<group>";
		};
/* End PBXGroup section */

/* Begin PBXNativeTarget section */
		80F2C1C4296D7A9F004356EE /* Restart */ = {
			isa = PBXNativeTarget;
			buildConfigurationList = 80F2C1D3296D7AA0004356EE /* Build configuration list for PBXNativeTarget "Restart" */;
			buildPhases = (
				80F2C1C1296D7A9F004356EE /* Sources */,
				80F2C1C2296D7A9F004356EE /* Frameworks */,
				80F2C1C3296D7A9F004356EE /* Resources */,
			);
			buildRules = (
			);
			dependencies = (
			);
			name = Restart;
			productName = Restart;
			productReference = 80F2C1C5296D7A9F004356EE /* Restart.app */;
			productType = "com.apple.product-type.application";
		};
/* End PBXNativeTarget section */

/* Begin PBXProject section */
		80F2C1BD296D7A9F004356EE /* Project object */ = {
			isa = PBXProject;
			attributes = {
				BuildIndependentTargetsInParallel = 1;
				LastSwiftUpdateCheck = 1410;
				LastUpgradeCheck = 1410;
				TargetAttributes = {
					80F2C1C4296D7A9F004356EE = {
						CreatedOnToolsVersion = 14.1;
					};
				};
			};
			buildConfigurationList = 80F2C1C0296D7A9F004356EE /* Build configuration list for PBXProject "Restart" */;
			compatibilityVersion = "Xcode 14.0";
			developmentRegion = en;
			hasScannedForEncodings = 0;
			knownRegions = (
				en,
				Base,
			);
			mainGroup = 80F2C1BC296D7A9F004356EE;
			productRefGroup = 80F2C1C6296D7A9F004356EE /* Products */;
			projectDirPath = "";
			projectRoot = "";
			targets = (
				80F2C1C4296D7A9F004356EE /* Restart */,
			);
		};
/* End PBXProject section */

/* Begin PBXResourcesBuildPhase section */
		80F2C1C3296D7A9F004356EE /* Resources */ = {
			isa = PBXResourcesBuildPhase;
			buildActionMask = 2147483647;
			files = (
				80F2C1D9296D7B39004356EE /* success.m4a in Resources */,
				80F2C1D8296D7B39004356EE /* chimeup.mp3 in Resources */,
				80F2C1D0296D7AA0004356EE /* Preview Assets.xcassets in Resources */,
				80F2C1CD296D7AA0004356EE /* Assets.xcassets in Resources */,
			);
			runOnlyForDeploymentPostprocessing = 0;
		};
/* End PBXResourcesBuildPhase section */

/* Begin PBXSourcesBuildPhase section */
		80F2C1C1296D7A9F004356EE /* Sources */ = {
			isa = PBXSourcesBuildPhase;
			buildActionMask = 2147483647;
			files = (
				80F2C1E4296E6480004356EE /* CircleGroupView.swift in Sources */,
				80F2C1E0296D7DE0004356EE /* HomeView.swift in Sources */,
				80F2C1E2296D7DE8004356EE /* OnboardingView.swift in Sources */,
				80F2C1CB296D7A9F004356EE /* ContentView.swift in Sources */,
				80F2C1C9296D7A9F004356EE /* RestartApp.swift in Sources */,
				80F2C1E6296E7593004356EE /* AudioPlayer.swift in Sources */,
			);
			runOnlyForDeploymentPostprocessing = 0;
		};
/* End PBXSourcesBuildPhase section */

/* Begin XCBuildConfiguration section */
		80F2C1D1296D7AA0004356EE /* Debug */ = {
			isa = XCBuildConfiguration;
			buildSettings = {
				ALWAYS_SEARCH_USER_PATHS = NO;
				CLANG_ANALYZER_NONNULL = YES;
				CLANG_ANALYZER_NUMBER_OBJECT_CONVERSION = YES_AGGRESSIVE;
				CLANG_CXX_LANGUAGE_STANDARD = "gnu++20";
				CLANG_ENABLE_MODULES = YES;
				CLANG_ENABLE_OBJC_ARC = YES;
				CLANG_ENABLE_OBJC_WEAK = YES;
				CLANG_WARN_BLOCK_CAPTURE_AUTORELEASING = YES;
				CLANG_WARN_BOOL_CONVERSION = YES;
				CLANG_WARN_COMMA = YES;
				CLANG_WARN_CONSTANT_CONVERSION = YES;
				CLANG_WARN_DEPRECATED_OBJC_IMPLEMENTATIONS = YES;
				CLANG_WARN_DIRECT_OBJC_ISA_USAGE = YES_ERROR;
				CLANG_WARN_DOCUMENTATION_COMMENTS = YES;
				CLANG_WARN_EMPTY_BODY = YES;
				CLANG_WARN_ENUM_CONVERSION = YES;
				CLANG_WARN_INFINITE_RECURSION = YES;
				CLANG_WARN_INT_CONVERSION = YES;
				CLANG_WARN_NON_LITERAL_NULL_CONVERSION = YES;
				CLANG_WARN_OBJC_IMPLICIT_RETAIN_SELF = YES;
				CLANG_WARN_OBJC_LITERAL_CONVERSION = YES;
				CLANG_WARN_OBJC_ROOT_CLASS = YES_ERROR;
				CLANG_WARN_QUOTED_INCLUDE_IN_FRAMEWORK_HEADER = YES;
				CLANG_WARN_RANGE_LOOP_ANALYSIS = YES;
				CLANG_WARN_STRICT_PROTOTYPES = YES;
				CLANG_WARN_SUSPICIOUS_MOVE = YES;
				CLANG_WARN_UNGUARDED_AVAILABILITY = YES_AGGRESSIVE;
				CLANG_WARN_UNREACHABLE_CODE = YES;
				CLANG_WARN__DUPLICATE_METHOD_MATCH = YES;
				COPY_PHASE_STRIP = NO;
				DEBUG_INFORMATION_FORMAT = dwarf;
				ENABLE_STRICT_OBJC_MSGSEND = YES;
				ENABLE_TESTABILITY = YES;
				GCC_C_LANGUAGE_STANDARD = gnu11;
				GCC_DYNAMIC_NO_PIC = NO;
				GCC_NO_COMMON_BLOCKS = YES;
				GCC_OPTIMIZATION_LEVEL = 0;
				GCC_PREPROCESSOR_DEFINITIONS = (
					"DEBUG=1",
					"$(inherited)",
				);
				GCC_WARN_64_TO_32_BIT_CONVERSION = YES;
				GCC_WARN_ABOUT_RETURN_TYPE = YES_ERROR;
				GCC_WARN_UNDECLARED_SELECTOR = YES;
				GCC_WARN_UNINITIALIZED_AUTOS = YES_AGGRESSIVE;
				GCC_WARN_UNUSED_FUNCTION = YES;
				GCC_WARN_UNUSED_VARIABLE = YES;
				IPHONEOS_DEPLOYMENT_TARGET = 16.1;
				MTL_ENABLE_DEBUG_INFO = INCLUDE_SOURCE;
				MTL_FAST_MATH = YES;
				ONLY_ACTIVE_ARCH = YES;
				SDKROOT = iphoneos;
				SWIFT_ACTIVE_COMPILATION_CONDITIONS = DEBUG;
				SWIFT_OPTIMIZATION_LEVEL = "-Onone";
			};
			name = Debug;
		};
		80F2C1D2296D7AA0004356EE /* Release */ = {
			isa = XCBuildConfiguration;
			buildSettings = {
				ALWAYS_SEARCH_USER_PATHS = NO;
				CLANG_ANALYZER_NONNULL = YES;
				CLANG_ANALYZER_NUMBER_OBJECT_CONVERSION = YES_AGGRESSIVE;
				CLANG_CXX_LANGUAGE_STANDARD = "gnu++20";
				CLANG_ENABLE_MODULES = YES;
				CLANG_ENABLE_OBJC_ARC = YES;
				CLANG_ENABLE_OBJC_WEAK = YES;
				CLANG_WARN_BLOCK_CAPTURE_AUTORELEASING = YES;
				CLANG_WARN_BOOL_CONVERSION = YES;
				CLANG_WARN_COMMA = YES;
				CLANG_WARN_CONSTANT_CONVERSION = YES;
				CLANG_WARN_DEPRECATED_OBJC_IMPLEMENTATIONS = YES;
				CLANG_WARN_DIRECT_OBJC_ISA_USAGE = YES_ERROR;
				CLANG_WARN_DOCUMENTATION_COMMENTS = YES;
				CLANG_WARN_EMPTY_BODY = YES;
				CLANG_WARN_ENUM_CONVERSION = YES;
				CLANG_WARN_INFINITE_RECURSION = YES;
				CLANG_WARN_INT_CONVERSION = YES;
				CLANG_WARN_NON_LITERAL_NULL_CONVERSION = YES;
				CLANG_WARN_OBJC_IMPLICIT_RETAIN_SELF = YES;
				CLANG_WARN_OBJC_LITERAL_CONVERSION = YES;
				CLANG_WARN_OBJC_ROOT_CLASS = YES_ERROR;
				CLANG_WARN_QUOTED_INCLUDE_IN_FRAMEWORK_HEADER = YES;
				CLANG_WARN_RANGE_LOOP_ANALYSIS = YES;
				CLANG_WARN_STRICT_PROTOTYPES = YES;
				CLANG_WARN_SUSPICIOUS_MOVE = YES;
				CLANG_WARN_UNGUARDED_AVAILABILITY = YES_AGGRESSIVE;
				CLANG_WARN_UNREACHABLE_CODE = YES;
				CLANG_WARN__DUPLICATE_METHOD_MATCH = YES;
				COPY_PHASE_STRIP = NO;
				DEBUG_INFORMATION_FORMAT = "dwarf-with-dsym";
				ENABLE_NS_ASSERTIONS = NO;
				ENABLE_STRICT_OBJC_MSGSEND = YES;
				GCC_C_LANGUAGE_STANDARD = gnu11;
				GCC_NO_COMMON_BLOCKS = YES;
				GCC_WARN_64_TO_32_BIT_CONVERSION = YES;
				GCC_WARN_ABOUT_RETURN_TYPE = YES_ERROR;
				GCC_WARN_UNDECLARED_SELECTOR = YES;
				GCC_WARN_UNINITIALIZED_AUTOS = YES_AGGRESSIVE;
				GCC_WARN_UNUSED_FUNCTION = YES;
				GCC_WARN_UNUSED_VARIABLE = YES;
				IPHONEOS_DEPLOYMENT_TARGET = 16.1;
				MTL_ENABLE_DEBUG_INFO = NO;
				MTL_FAST_MATH = YES;
				SDKROOT = iphoneos;
				SWIFT_COMPILATION_MODE = wholemodule;
				SWIFT_OPTIMIZATION_LEVEL = "-O";
				VALIDATE_PRODUCT = YES;
			};
			name = Release;
		};
		80F2C1D4296D7AA0004356EE /* Debug */ = {
			isa = XCBuildConfiguration;
			buildSettings = {
				ASSETCATALOG_COMPILER_APPICON_NAME = AppIcon;
				ASSETCATALOG_COMPILER_GLOBAL_ACCENT_COLOR_NAME = AccentColor;
				CODE_SIGN_STYLE = Automatic;
				CURRENT_PROJECT_VERSION = 1;
				DEVELOPMENT_ASSET_PATHS = "\"Restart/Preview Content\"";
				DEVELOPMENT_TEAM = F5D2979ZRD;
				ENABLE_PREVIEWS = YES;
				GENERATE_INFOPLIST_FILE = YES;
				INFOPLIST_FILE = Restart/Info.plist;
				INFOPLIST_KEY_UIApplicationSceneManifest_Generation = YES;
				INFOPLIST_KEY_UIApplicationSupportsIndirectInputEvents = YES;
				INFOPLIST_KEY_UISupportedInterfaceOrientations = UIInterfaceOrientationPortrait;
				INFOPLIST_KEY_UISupportedInterfaceOrientations_iPad = "UIInterfaceOrientationLandscapeLeft UIInterfaceOrientationLandscapeRight UIInterfaceOrientationPortrait UIInterfaceOrientationPortraitUpsideDown";
				LD_RUNPATH_SEARCH_PATHS = (
					"$(inherited)",
					"@executable_path/Frameworks",
				);
				MARKETING_VERSION = 1.0;
				PRODUCT_BUNDLE_IDENTIFIER = academy.credo.Restart;
				PRODUCT_NAME = "$(TARGET_NAME)";
				SWIFT_EMIT_LOC_STRINGS = YES;
				SWIFT_VERSION = 5.0;
				TARGETED_DEVICE_FAMILY = "1,2";
			};
			name = Debug;
		};
		80F2C1D5296D7AA0004356EE /* Release */ = {
			isa = XCBuildConfiguration;
			buildSettings = {
				ASSETCATALOG_COMPILER_APPICON_NAME = AppIcon;
				ASSETCATALOG_COMPILER_GLOBAL_ACCENT_COLOR_NAME = AccentColor;
				CODE_SIGN_STYLE = Automatic;
				CURRENT_PROJECT_VERSION = 1;
				DEVELOPMENT_ASSET_PATHS = "\"Restart/Preview Content\"";
				DEVELOPMENT_TEAM = F5D2979ZRD;
				ENABLE_PREVIEWS = YES;
				GENERATE_INFOPLIST_FILE = YES;
				INFOPLIST_FILE = Restart/Info.plist;
				INFOPLIST_KEY_UIApplicationSceneManifest_Generation = YES;
				INFOPLIST_KEY_UIApplicationSupportsIndirectInputEvents = YES;
				INFOPLIST_KEY_UISupportedInterfaceOrientations = UIInterfaceOrientationPortrait;
				INFOPLIST_KEY_UISupportedInterfaceOrientations_iPad = "UIInterfaceOrientationLandscapeLeft UIInterfaceOrientationLandscapeRight UIInterfaceOrientationPortrait UIInterfaceOrientationPortraitUpsideDown";
				LD_RUNPATH_SEARCH_PATHS = (
					"$(inherited)",
					"@executable_path/Frameworks",
				);
				MARKETING_VERSION = 1.0;
				PRODUCT_BUNDLE_IDENTIFIER = academy.credo.Restart;
				PRODUCT_NAME = "$(TARGET_NAME)";
				SWIFT_EMIT_LOC_STRINGS = YES;
				SWIFT_VERSION = 5.0;
				TARGETED_DEVICE_FAMILY = "1,2";
			};
			name = Release;
		};
/* End XCBuildConfiguration section */

/* Begin XCConfigurationList section */
		80F2C1C0296D7A9F004356EE /* Build configuration list for PBXProject "Restart" */ = {
			isa = XCConfigurationList;
			buildConfigurations = (
				80F2C1D1296D7AA0004356EE /* Debug */,
				80F2C1D2296D7AA0004356EE /* Release */,
			);
			defaultConfigurationIsVisible = 0;
			defaultConfigurationName = Release;
		};
		80F2C1D3296D7AA0004356EE /* Build configuration list for PBXNativeTarget "Restart" */ = {
			isa = XCConfigurationList;
			buildConfigurations = (
				80F2C1D4296D7AA0004356EE /* Debug */,
				80F2C1D5296D7AA0004356EE /* Release */,
			);
			defaultConfigurationIsVisible = 0;
			defaultConfigurationName = Release;
		};
/* End XCConfigurationList section */
	};
	rootObject = 80F2C1BD296D7A9F004356EE /* Project object */;
}
